{
  "version": 4,
  "terraform_version": "1.4.6",
  "serial": 809,
  "lineage": "5b5a524e-70e3-f7c8-7dd0-2e95cb15cf1d",
  "outputs": {},
  "resources": [
    {
      "module": "module.common",
      "mode": "managed",
      "type": "azurerm_log_analytics_workspace",
      "name": "log_aw",
      "provider": "provider[\"registry.terraform.io/hashicorp/azurerm\"]",
      "instances": [
        {
          "schema_version": 3,
          "attributes": {
            "allow_resource_only_permissions": true,
            "cmk_for_query_forced": false,
            "daily_quota_gb": -1,
            "id": "/subscriptions/8d17d5ce-586f-4316-84e4-ddcc5729d711/resourceGroups/n01291582-RG/providers/Microsoft.OperationalInsights/workspaces/LogAnalyticsw",
            "internet_ingestion_enabled": true,
            "internet_query_enabled": true,
            "local_authentication_disabled": false,
            "location": "canadacentral",
            "name": "LogAnalyticsw",
            "primary_shared_key": "fJFoRUEXFvrlRYBO2Ozg26mDu3Vfa1PbthZ8w+BFguE0sOSOIUa36tQnIy0OhuSPlNHwNMr+Yw64qkTUhZyrBg==",
            "reservation_capacity_in_gb_per_day": null,
            "resource_group_name": "n01291582-RG",
            "retention_in_days": 30,
            "secondary_shared_key": "0UqVHW3iet3/x26Y9XRy48icaJffWy9P+Ru0jGd4xSaQFUtXIVY1Ox83FlcPOVlcHOmMykw+TR1L6pFOuyg+qQ==",
            "sku": "PerGB2018",
            "tags": {
              "Assignment": "CCGC 5502 Automation Assignment",
              "Environment": "Learning",
              "ExpirationDate": "2024-12-31",
              "Name": "brandon.budhram"
            },
            "timeouts": null,
            "workspace_id": "f47dbd6c-fb00-49c3-a51b-e493ef24e85a"
          },
          "sensitive_attributes": [],
          "private": "eyJlMmJmYjczMC1lY2FhLTExZTYtOGY4OC0zNDM2M2JjN2M0YzAiOnsiY3JlYXRlIjoxODAwMDAwMDAwMDAwLCJkZWxldGUiOjE4MDAwMDAwMDAwMDAsInJlYWQiOjMwMDAwMDAwMDAwMCwidXBkYXRlIjoxODAwMDAwMDAwMDAwfSwic2NoZW1hX3ZlcnNpb24iOiIzIn0=",
          "dependencies": [
            "module.resource_group.azurerm_resource_group.resource_group"
          ]
        }
      ]
    },
    {
      "module": "module.common",
      "mode": "managed",
      "type": "azurerm_recovery_services_vault",
      "name": "recovery_services_vault",
      "provider": "provider[\"registry.terraform.io/hashicorp/azurerm\"]",
      "instances": [
        {
          "schema_version": 0,
          "attributes": {
            "classic_vmware_replication_enabled": null,
            "cross_region_restore_enabled": false,
            "encryption": [],
            "id": "/subscriptions/8d17d5ce-586f-4316-84e4-ddcc5729d711/resourceGroups/n01291582-RG/providers/Microsoft.RecoveryServices/vaults/my-recoveryvault",
            "identity": [],
            "immutability": null,
            "location": "canadacentral",
            "monitoring": [],
            "name": "my-recoveryvault",
            "public_network_access_enabled": true,
            "resource_group_name": "n01291582-RG",
            "sku": "Standard",
            "soft_delete_enabled": true,
            "storage_mode_type": "GeoRedundant",
            "tags": {},
            "timeouts": null
          },
          "sensitive_attributes": [],
          "private": "eyJlMmJmYjczMC1lY2FhLTExZTYtOGY4OC0zNDM2M2JjN2M0YzAiOnsiY3JlYXRlIjo3MjAwMDAwMDAwMDAwLCJkZWxldGUiOjE4MDAwMDAwMDAwMDAsInJlYWQiOjMwMDAwMDAwMDAwMCwidXBkYXRlIjozNjAwMDAwMDAwMDAwfX0=",
          "dependencies": [
            "module.resource_group.azurerm_resource_group.resource_group"
          ]
        }
      ]
    },
    {
      "module": "module.common",
      "mode": "managed",
      "type": "azurerm_storage_account",
      "name": "storage_account",
      "provider": "provider[\"registry.terraform.io/hashicorp/azurerm\"]",
      "instances": [
        {
          "schema_version": 4,
          "attributes": {
            "access_tier": "Hot",
            "account_kind": "StorageV2",
            "account_replication_type": "LRS",
            "account_tier": "Standard",
            "allow_nested_items_to_be_public": true,
            "allowed_copy_scope": "",
            "azure_files_authentication": [],
            "blob_properties": [
              {
                "change_feed_enabled": false,
                "change_feed_retention_in_days": 0,
                "container_delete_retention_policy": [],
                "cors_rule": [],
                "default_service_version": "",
                "delete_retention_policy": [],
                "last_access_time_enabled": false,
                "restore_policy": [],
                "versioning_enabled": false
              }
            ],
            "cross_tenant_replication_enabled": true,
            "custom_domain": [],
            "customer_managed_key": [],
            "default_to_oauth_authentication": false,
            "edge_zone": "",
            "enable_https_traffic_only": true,
            "id": "/subscriptions/8d17d5ce-586f-4316-84e4-ddcc5729d711/resourceGroups/n01291582-RG/providers/Microsoft.Storage/storageAccounts/n01291582sa",
            "identity": [],
            "immutability_policy": [],
            "infrastructure_encryption_enabled": false,
            "is_hns_enabled": false,
            "large_file_share_enabled": null,
            "location": "canadacentral",
            "min_tls_version": "TLS1_2",
            "name": "n01291582sa",
            "network_rules": [
              {
                "bypass": [
                  "AzureServices"
                ],
                "default_action": "Allow",
                "ip_rules": [],
                "private_link_access": [],
                "virtual_network_subnet_ids": []
              }
            ],
            "nfsv3_enabled": false,
            "primary_access_key": "zYluhNnkz/qKBwJYPy+k0iCDSKQd93cSA6d/BmCB0fPALNigUBU83eo6Dkl7NorCjjPw5jFUpYR3+AStKNEbBA==",
            "primary_blob_connection_string": "DefaultEndpointsProtocol=https;BlobEndpoint=https://n01291582sa.blob.core.windows.net/;AccountName=n01291582sa;AccountKey=zYluhNnkz/qKBwJYPy+k0iCDSKQd93cSA6d/BmCB0fPALNigUBU83eo6Dkl7NorCjjPw5jFUpYR3+AStKNEbBA==",
            "primary_blob_endpoint": "https://n01291582sa.blob.core.windows.net/",
            "primary_blob_host": "n01291582sa.blob.core.windows.net",
            "primary_connection_string": "DefaultEndpointsProtocol=https;AccountName=n01291582sa;AccountKey=zYluhNnkz/qKBwJYPy+k0iCDSKQd93cSA6d/BmCB0fPALNigUBU83eo6Dkl7NorCjjPw5jFUpYR3+AStKNEbBA==;EndpointSuffix=core.windows.net",
            "primary_dfs_endpoint": "https://n01291582sa.dfs.core.windows.net/",
            "primary_dfs_host": "n01291582sa.dfs.core.windows.net",
            "primary_file_endpoint": "https://n01291582sa.file.core.windows.net/",
            "primary_file_host": "n01291582sa.file.core.windows.net",
            "primary_location": "canadacentral",
            "primary_queue_endpoint": "https://n01291582sa.queue.core.windows.net/",
            "primary_queue_host": "n01291582sa.queue.core.windows.net",
            "primary_table_endpoint": "https://n01291582sa.table.core.windows.net/",
            "primary_table_host": "n01291582sa.table.core.windows.net",
            "primary_web_endpoint": "https://n01291582sa.z9.web.core.windows.net/",
            "primary_web_host": "n01291582sa.z9.web.core.windows.net",
            "public_network_access_enabled": true,
            "queue_encryption_key_type": "Service",
            "queue_properties": [
              {
                "cors_rule": [],
                "hour_metrics": [
                  {
                    "enabled": true,
                    "include_apis": true,
                    "retention_policy_days": 7,
                    "version": "1.0"
                  }
                ],
                "logging": [
                  {
                    "delete": false,
                    "read": false,
                    "retention_policy_days": 0,
                    "version": "1.0",
                    "write": false
                  }
                ],
                "minute_metrics": [
                  {
                    "enabled": false,
                    "include_apis": false,
                    "retention_policy_days": 0,
                    "version": "1.0"
                  }
                ]
              }
            ],
            "resource_group_name": "n01291582-RG",
            "routing": [],
            "sas_policy": [],
            "secondary_access_key": "3ToJ63WJovq7gt9y3YZKOXD7HiuTEcfGgHbVCXxAeb/K2zTZDwFODrhEBvn8BB3J9JcnxkIm37Yn+ASt/FhDEg==",
            "secondary_blob_connection_string": "",
            "secondary_blob_endpoint": null,
            "secondary_blob_host": null,
            "secondary_connection_string": "DefaultEndpointsProtocol=https;AccountName=n01291582sa;AccountKey=3ToJ63WJovq7gt9y3YZKOXD7HiuTEcfGgHbVCXxAeb/K2zTZDwFODrhEBvn8BB3J9JcnxkIm37Yn+ASt/FhDEg==;EndpointSuffix=core.windows.net",
            "secondary_dfs_endpoint": null,
            "secondary_dfs_host": null,
            "secondary_file_endpoint": null,
            "secondary_file_host": null,
            "secondary_location": "",
            "secondary_queue_endpoint": null,
            "secondary_queue_host": null,
            "secondary_table_endpoint": null,
            "secondary_table_host": null,
            "secondary_web_endpoint": null,
            "secondary_web_host": null,
            "sftp_enabled": false,
            "share_properties": [
              {
                "cors_rule": [],
                "retention_policy": [
                  {
                    "days": 7
                  }
                ],
                "smb": []
              }
            ],
            "shared_access_key_enabled": true,
            "static_website": [],
            "table_encryption_key_type": "Service",
            "tags": {},
            "timeouts": null
          },
          "sensitive_attributes": [],
          "private": "eyJlMmJmYjczMC1lY2FhLTExZTYtOGY4OC0zNDM2M2JjN2M0YzAiOnsiY3JlYXRlIjozNjAwMDAwMDAwMDAwLCJkZWxldGUiOjM2MDAwMDAwMDAwMDAsInJlYWQiOjMwMDAwMDAwMDAwMCwidXBkYXRlIjozNjAwMDAwMDAwMDAwfSwic2NoZW1hX3ZlcnNpb24iOiI0In0=",
          "dependencies": [
            "module.resource_group.azurerm_resource_group.resource_group"
          ]
        }
      ]
    },
    {
      "module": "module.load_balancer",
      "mode": "managed",
      "type": "azurerm_lb",
      "name": "vmlinux_load_balancer",
      "provider": "provider[\"registry.terraform.io/hashicorp/azurerm\"]",
      "instances": [
        {
          "schema_version": 0,
          "attributes": {
            "edge_zone": "",
            "frontend_ip_configuration": [
              {
                "gateway_load_balancer_frontend_ip_configuration_id": "",
                "id": "/subscriptions/8d17d5ce-586f-4316-84e4-ddcc5729d711/resourceGroups/n01291582-RG/providers/Microsoft.Network/loadBalancers/n01291582-linux-lb/frontendIPConfigurations/PublicIPAddress",
                "inbound_nat_rules": [],
                "load_balancer_rules": [
                  "/subscriptions/8d17d5ce-586f-4316-84e4-ddcc5729d711/resourceGroups/n01291582-RG/providers/Microsoft.Network/loadBalancers/n01291582-linux-lb/loadBalancingRules/Allow-HTTP"
                ],
                "name": "PublicIPAddress",
                "outbound_rules": [],
                "private_ip_address": "",
                "private_ip_address_allocation": "Dynamic",
                "private_ip_address_version": "",
                "public_ip_address_id": "/subscriptions/8d17d5ce-586f-4316-84e4-ddcc5729d711/resourceGroups/n01291582-RG/providers/Microsoft.Network/publicIPAddresses/n01291582-Public-IP",
                "public_ip_prefix_id": "",
                "subnet_id": "",
                "zones": []
              }
            ],
            "id": "/subscriptions/8d17d5ce-586f-4316-84e4-ddcc5729d711/resourceGroups/n01291582-RG/providers/Microsoft.Network/loadBalancers/n01291582-linux-lb",
            "location": "canadacentral",
            "name": "n01291582-linux-lb",
            "private_ip_address": "",
            "private_ip_addresses": [],
            "resource_group_name": "n01291582-RG",
            "sku": "Basic",
            "sku_tier": "Regional",
            "tags": {
              "Assignment": "CCGC 5502 Automation Assignment",
              "Environment": "Learning",
              "ExpirationDate": "2024-12-31",
              "Name": "brandon.budhram"
            },
            "timeouts": null
          },
          "sensitive_attributes": [],
          "private": "eyJlMmJmYjczMC1lY2FhLTExZTYtOGY4OC0zNDM2M2JjN2M0YzAiOnsiY3JlYXRlIjoxODAwMDAwMDAwMDAwLCJkZWxldGUiOjE4MDAwMDAwMDAwMDAsInJlYWQiOjMwMDAwMDAwMDAwMCwidXBkYXRlIjoxODAwMDAwMDAwMDAwfX0=",
          "dependencies": [
            "module.common.azurerm_log_analytics_workspace.log_aw",
            "module.common.azurerm_recovery_services_vault.recovery_services_vault",
            "module.common.azurerm_storage_account.storage_account",
            "module.load_balancer.azurerm_public_ip.lb_public",
            "module.network.azurerm_network_security_group.network_security_group",
            "module.network.azurerm_subnet.virtual_network_subnet",
            "module.network.azurerm_subnet_network_security_group_association.subnet_nsg_association",
            "module.network.azurerm_virtual_network.virtual_network",
            "module.resource_group.azurerm_resource_group.resource_group",
            "module.vmlinux.azurerm_availability_set.linux_availability_set",
            "module.vmlinux.azurerm_linux_virtual_machine.linux_vm",
            "module.vmlinux.azurerm_network_interface.vmlinux_network_interface",
            "module.vmlinux.azurerm_public_ip.vmlinux_public_ip",
            "module.vmlinux.azurerm_virtual_machine_extension.azure_monitor_extension",
            "module.vmlinux.azurerm_virtual_machine_extension.vmlinux_network_watcher",
            "module.vmlinux.null_resource.linux_provisioner"
          ]
        }
      ]
    },
    {
      "module": "module.load_balancer",
      "mode": "managed",
      "type": "azurerm_lb_backend_address_pool",
      "name": "lb_address_pool",
      "provider": "provider[\"registry.terraform.io/hashicorp/azurerm\"]",
      "instances": [
        {
          "schema_version": 0,
          "attributes": {
            "backend_ip_configurations": [
              "/subscriptions/8d17d5ce-586f-4316-84e4-ddcc5729d711/resourceGroups/n01291582-RG/providers/Microsoft.Network/networkInterfaces/vmlinux-n01291582-nic3/ipConfigurations/vmlinux-n012915821-ipconfig13",
              "/subscriptions/8d17d5ce-586f-4316-84e4-ddcc5729d711/resourceGroups/n01291582-RG/providers/Microsoft.Network/networkInterfaces/vmlinux-n01291582-nic2/ipConfigurations/vmlinux-n012915821-ipconfig12"
            ],
            "id": "/subscriptions/8d17d5ce-586f-4316-84e4-ddcc5729d711/resourceGroups/n01291582-RG/providers/Microsoft.Network/loadBalancers/n01291582-linux-lb/backendAddressPools/BackEndAddressPool",
            "inbound_nat_rules": [],
            "load_balancing_rules": [
              "/subscriptions/8d17d5ce-586f-4316-84e4-ddcc5729d711/resourceGroups/n01291582-RG/providers/Microsoft.Network/loadBalancers/n01291582-linux-lb/loadBalancingRules/Allow-HTTP"
            ],
            "loadbalancer_id": "/subscriptions/8d17d5ce-586f-4316-84e4-ddcc5729d711/resourceGroups/n01291582-RG/providers/Microsoft.Network/loadBalancers/n01291582-linux-lb",
            "name": "BackEndAddressPool",
            "outbound_rules": [],
            "timeouts": null,
            "tunnel_interface": [],
            "virtual_network_id": ""
          },
          "sensitive_attributes": [],
          "private": "eyJlMmJmYjczMC1lY2FhLTExZTYtOGY4OC0zNDM2M2JjN2M0YzAiOnsiY3JlYXRlIjoxODAwMDAwMDAwMDAwLCJkZWxldGUiOjE4MDAwMDAwMDAwMDAsInJlYWQiOjMwMDAwMDAwMDAwMCwidXBkYXRlIjoxODAwMDAwMDAwMDAwfX0=",
          "dependencies": [
            "module.common.azurerm_log_analytics_workspace.log_aw",
            "module.common.azurerm_recovery_services_vault.recovery_services_vault",
            "module.common.azurerm_storage_account.storage_account",
            "module.load_balancer.azurerm_lb.vmlinux_load_balancer",
            "module.load_balancer.azurerm_public_ip.lb_public",
            "module.network.azurerm_network_security_group.network_security_group",
            "module.network.azurerm_subnet.virtual_network_subnet",
            "module.network.azurerm_subnet_network_security_group_association.subnet_nsg_association",
            "module.network.azurerm_virtual_network.virtual_network",
            "module.resource_group.azurerm_resource_group.resource_group",
            "module.vmlinux.azurerm_availability_set.linux_availability_set",
            "module.vmlinux.azurerm_linux_virtual_machine.linux_vm",
            "module.vmlinux.azurerm_network_interface.vmlinux_network_interface",
            "module.vmlinux.azurerm_public_ip.vmlinux_public_ip",
            "module.vmlinux.azurerm_virtual_machine_extension.azure_monitor_extension",
            "module.vmlinux.azurerm_virtual_machine_extension.vmlinux_network_watcher",
            "module.vmlinux.null_resource.linux_provisioner"
          ]
        }
      ]
    },
    {
      "module": "module.load_balancer",
      "mode": "managed",
      "type": "azurerm_public_ip",
      "name": "lb_public",
      "provider": "provider[\"registry.terraform.io/hashicorp/azurerm\"]",
      "instances": [
        {
          "schema_version": 0,
          "attributes": {
            "allocation_method": "Static",
            "ddos_protection_mode": "VirtualNetworkInherited",
            "ddos_protection_plan_id": null,
            "domain_name_label": "",
            "edge_zone": "",
            "fqdn": "automation-final-project.canadacentral.cloudapp.azure.com",
            "id": "/subscriptions/8d17d5ce-586f-4316-84e4-ddcc5729d711/resourceGroups/n01291582-RG/providers/Microsoft.Network/publicIPAddresses/n01291582-Public-IP",
            "idle_timeout_in_minutes": 4,
            "ip_address": "4.205.13.107",
            "ip_tags": {},
            "ip_version": "IPv4",
            "location": "canadacentral",
            "name": "n01291582-Public-IP",
            "public_ip_prefix_id": null,
            "resource_group_name": "n01291582-RG",
            "reverse_fqdn": "",
            "sku": "Basic",
            "sku_tier": "Regional",
            "tags": {
              "Assignment": "CCGC 5502 Automation Assignment",
              "Environment": "Learning",
              "ExpirationDate": "2024-12-31",
              "Name": "brandon.budhram"
            },
            "timeouts": null,
            "zones": []
          },
          "sensitive_attributes": [],
          "private": "eyJlMmJmYjczMC1lY2FhLTExZTYtOGY4OC0zNDM2M2JjN2M0YzAiOnsiY3JlYXRlIjoxODAwMDAwMDAwMDAwLCJkZWxldGUiOjE4MDAwMDAwMDAwMDAsInJlYWQiOjMwMDAwMDAwMDAwMCwidXBkYXRlIjoxODAwMDAwMDAwMDAwfX0=",
          "dependencies": [
            "module.common.azurerm_log_analytics_workspace.log_aw",
            "module.common.azurerm_recovery_services_vault.recovery_services_vault",
            "module.common.azurerm_storage_account.storage_account",
            "module.network.azurerm_network_security_group.network_security_group",
            "module.network.azurerm_subnet.virtual_network_subnet",
            "module.network.azurerm_subnet_network_security_group_association.subnet_nsg_association",
            "module.network.azurerm_virtual_network.virtual_network",
            "module.resource_group.azurerm_resource_group.resource_group",
            "module.vmlinux.azurerm_availability_set.linux_availability_set",
            "module.vmlinux.azurerm_linux_virtual_machine.linux_vm",
            "module.vmlinux.azurerm_network_interface.vmlinux_network_interface",
            "module.vmlinux.azurerm_public_ip.vmlinux_public_ip",
            "module.vmlinux.azurerm_virtual_machine_extension.azure_monitor_extension",
            "module.vmlinux.azurerm_virtual_machine_extension.vmlinux_network_watcher",
            "module.vmlinux.null_resource.linux_provisioner"
          ]
        }
      ]
    },
    {
      "module": "module.network",
      "mode": "managed",
      "type": "azurerm_network_security_group",
      "name": "network_security_group",
      "provider": "provider[\"registry.terraform.io/hashicorp/azurerm\"]",
      "instances": [
        {
          "schema_version": 0,
          "attributes": {
            "id": "/subscriptions/8d17d5ce-586f-4316-84e4-ddcc5729d711/resourceGroups/n01291582-RG/providers/Microsoft.Network/networkSecurityGroups/n01291582-nsg",
            "location": "canadacentral",
            "name": "n01291582-nsg",
            "resource_group_name": "n01291582-RG",
            "security_rule": [
              {
                "access": "Allow",
                "description": "",
                "destination_address_prefix": "*",
                "destination_address_prefixes": [],
                "destination_application_security_group_ids": [],
                "destination_port_range": "22",
                "destination_port_ranges": [],
                "direction": "Inbound",
                "name": "AllowSSH",
                "priority": 100,
                "protocol": "Tcp",
                "source_address_prefix": "*",
                "source_address_prefixes": [],
                "source_application_security_group_ids": [],
                "source_port_range": "*",
                "source_port_ranges": []
              },
              {
                "access": "Allow",
                "description": "",
                "destination_address_prefix": "*",
                "destination_address_prefixes": [],
                "destination_application_security_group_ids": [],
                "destination_port_range": "3389",
                "destination_port_ranges": [],
                "direction": "Inbound",
                "name": "AllowRDP",
                "priority": 110,
                "protocol": "Tcp",
                "source_address_prefix": "*",
                "source_address_prefixes": [],
                "source_application_security_group_ids": [],
                "source_port_range": "*",
                "source_port_ranges": []
              },
              {
                "access": "Allow",
                "description": "",
                "destination_address_prefix": "*",
                "destination_address_prefixes": [],
                "destination_application_security_group_ids": [],
                "destination_port_range": "5985",
                "destination_port_ranges": [],
                "direction": "Inbound",
                "name": "AllowWinRM",
                "priority": 120,
                "protocol": "Tcp",
                "source_address_prefix": "*",
                "source_address_prefixes": [],
                "source_application_security_group_ids": [],
                "source_port_range": "*",
                "source_port_ranges": []
              },
              {
                "access": "Allow",
                "description": "",
                "destination_address_prefix": "*",
                "destination_address_prefixes": [],
                "destination_application_security_group_ids": [],
                "destination_port_range": "80",
                "destination_port_ranges": [],
                "direction": "Inbound",
                "name": "AllowHTTP",
                "priority": 130,
                "protocol": "Tcp",
                "source_address_prefix": "*",
                "source_address_prefixes": [],
                "source_application_security_group_ids": [],
                "source_port_range": "*",
                "source_port_ranges": []
              }
            ],
            "tags": {},
            "timeouts": null
          },
          "sensitive_attributes": [],
          "private": "eyJlMmJmYjczMC1lY2FhLTExZTYtOGY4OC0zNDM2M2JjN2M0YzAiOnsiY3JlYXRlIjoxODAwMDAwMDAwMDAwLCJkZWxldGUiOjE4MDAwMDAwMDAwMDAsInJlYWQiOjMwMDAwMDAwMDAwMCwidXBkYXRlIjoxODAwMDAwMDAwMDAwfX0=",
          "dependencies": [
            "module.resource_group.azurerm_resource_group.resource_group"
          ]
        }
      ]
    },
    {
      "module": "module.network",
      "mode": "managed",
      "type": "azurerm_subnet",
      "name": "virtual_network_subnet",
      "provider": "provider[\"registry.terraform.io/hashicorp/azurerm\"]",
      "instances": [
        {
          "schema_version": 0,
          "attributes": {
            "address_prefixes": [
              "10.0.0.0/24"
            ],
            "delegation": [],
            "enforce_private_link_endpoint_network_policies": false,
            "enforce_private_link_service_network_policies": false,
            "id": "/subscriptions/8d17d5ce-586f-4316-84e4-ddcc5729d711/resourceGroups/n01291582-RG/providers/Microsoft.Network/virtualNetworks/n01291582-vnet/subnets/n01291582-subnet",
            "name": "n01291582-subnet",
            "private_endpoint_network_policies_enabled": true,
            "private_link_service_network_policies_enabled": true,
            "resource_group_name": "n01291582-RG",
            "service_endpoint_policy_ids": [],
            "service_endpoints": [],
            "timeouts": null,
            "virtual_network_name": "n01291582-vnet"
          },
          "sensitive_attributes": [],
          "private": "eyJlMmJmYjczMC1lY2FhLTExZTYtOGY4OC0zNDM2M2JjN2M0YzAiOnsiY3JlYXRlIjoxODAwMDAwMDAwMDAwLCJkZWxldGUiOjE4MDAwMDAwMDAwMDAsInJlYWQiOjMwMDAwMDAwMDAwMCwidXBkYXRlIjoxODAwMDAwMDAwMDAwfX0=",
          "dependencies": [
            "module.network.azurerm_virtual_network.virtual_network",
            "module.resource_group.azurerm_resource_group.resource_group"
          ]
        }
      ]
    },
    {
      "module": "module.network",
      "mode": "managed",
      "type": "azurerm_subnet_network_security_group_association",
      "name": "subnet_nsg_association",
      "provider": "provider[\"registry.terraform.io/hashicorp/azurerm\"]",
      "instances": [
        {
          "schema_version": 0,
          "attributes": {
            "id": "/subscriptions/8d17d5ce-586f-4316-84e4-ddcc5729d711/resourceGroups/n01291582-RG/providers/Microsoft.Network/virtualNetworks/n01291582-vnet/subnets/n01291582-subnet",
            "network_security_group_id": "/subscriptions/8d17d5ce-586f-4316-84e4-ddcc5729d711/resourceGroups/n01291582-RG/providers/Microsoft.Network/networkSecurityGroups/n01291582-nsg",
            "subnet_id": "/subscriptions/8d17d5ce-586f-4316-84e4-ddcc5729d711/resourceGroups/n01291582-RG/providers/Microsoft.Network/virtualNetworks/n01291582-vnet/subnets/n01291582-subnet",
            "timeouts": null
          },
          "sensitive_attributes": [],
          "private": "eyJlMmJmYjczMC1lY2FhLTExZTYtOGY4OC0zNDM2M2JjN2M0YzAiOnsiY3JlYXRlIjoxODAwMDAwMDAwMDAwLCJkZWxldGUiOjE4MDAwMDAwMDAwMDAsInJlYWQiOjMwMDAwMDAwMDAwMCwidXBkYXRlIjoxODAwMDAwMDAwMDAwfX0=",
          "dependencies": [
            "module.network.azurerm_network_security_group.network_security_group",
            "module.network.azurerm_subnet.virtual_network_subnet",
            "module.network.azurerm_virtual_network.virtual_network",
            "module.resource_group.azurerm_resource_group.resource_group"
          ]
        }
      ]
    },
    {
      "module": "module.network",
      "mode": "managed",
      "type": "azurerm_virtual_network",
      "name": "virtual_network",
      "provider": "provider[\"registry.terraform.io/hashicorp/azurerm\"]",
      "instances": [
        {
          "schema_version": 0,
          "attributes": {
            "address_space": [
              "10.0.0.0/16"
            ],
            "bgp_community": "",
            "ddos_protection_plan": [],
            "dns_servers": [],
            "edge_zone": "",
            "flow_timeout_in_minutes": 0,
            "guid": "dfecf767-73aa-4789-95ec-b05b74e180b7",
            "id": "/subscriptions/8d17d5ce-586f-4316-84e4-ddcc5729d711/resourceGroups/n01291582-RG/providers/Microsoft.Network/virtualNetworks/n01291582-vnet",
            "location": "canadacentral",
            "name": "n01291582-vnet",
            "resource_group_name": "n01291582-RG",
            "subnet": [
              {
                "address_prefix": "10.0.0.0/24",
                "id": "/subscriptions/8d17d5ce-586f-4316-84e4-ddcc5729d711/resourceGroups/n01291582-RG/providers/Microsoft.Network/virtualNetworks/n01291582-vnet/subnets/n01291582-subnet",
                "name": "n01291582-subnet",
                "security_group": "/subscriptions/8d17d5ce-586f-4316-84e4-ddcc5729d711/resourceGroups/n01291582-RG/providers/Microsoft.Network/networkSecurityGroups/n01291582-nsg"
              }
            ],
            "tags": {
              "Assignment": "CCGC 5502 Automation Assignment",
              "Environment": "Learning",
              "ExpirationDate": "2024-12-31",
              "Name": "brandon.budhram"
            },
            "timeouts": null
          },
          "sensitive_attributes": [],
          "private": "eyJlMmJmYjczMC1lY2FhLTExZTYtOGY4OC0zNDM2M2JjN2M0YzAiOnsiY3JlYXRlIjoxODAwMDAwMDAwMDAwLCJkZWxldGUiOjE4MDAwMDAwMDAwMDAsInJlYWQiOjMwMDAwMDAwMDAwMCwidXBkYXRlIjoxODAwMDAwMDAwMDAwfX0=",
          "dependencies": [
            "module.resource_group.azurerm_resource_group.resource_group"
          ]
        }
      ]
    },
    {
      "module": "module.resource_group",
      "mode": "managed",
      "type": "azurerm_resource_group",
      "name": "resource_group",
      "provider": "provider[\"registry.terraform.io/hashicorp/azurerm\"]",
      "instances": [
        {
          "schema_version": 0,
          "attributes": {
            "id": "/subscriptions/8d17d5ce-586f-4316-84e4-ddcc5729d711/resourceGroups/n01291582-RG",
            "location": "canadacentral",
            "managed_by": "",
            "name": "n01291582-RG",
            "tags": {
              "Assignment": "CCGC 5502 Automation Assignment",
              "Environment": "Learning",
              "ExpirationDate": "2024-12-31",
              "Name": "brandon.budhram"
            },
            "timeouts": null
          },
          "sensitive_attributes": [],
          "private": "eyJlMmJmYjczMC1lY2FhLTExZTYtOGY4OC0zNDM2M2JjN2M0YzAiOnsiY3JlYXRlIjo1NDAwMDAwMDAwMDAwLCJkZWxldGUiOjU0MDAwMDAwMDAwMDAsInJlYWQiOjMwMDAwMDAwMDAwMCwidXBkYXRlIjo1NDAwMDAwMDAwMDAwfX0="
        }
      ]
    },
    {
      "module": "module.vmlinux",
      "mode": "managed",
      "type": "azurerm_availability_set",
      "name": "linux_availability_set",
      "provider": "provider[\"registry.terraform.io/hashicorp/azurerm\"]",
      "instances": [
        {
          "schema_version": 0,
          "attributes": {
            "id": "/subscriptions/8d17d5ce-586f-4316-84e4-ddcc5729d711/resourceGroups/n01291582-RG/providers/Microsoft.Compute/availabilitySets/linux_availability_set",
            "location": "canadacentral",
            "managed": true,
            "name": "linux_availability_set",
            "platform_fault_domain_count": 3,
            "platform_update_domain_count": 5,
            "proximity_placement_group_id": null,
            "resource_group_name": "n01291582-RG",
            "tags": {
              "environment": "production"
            },
            "timeouts": null
          },
          "sensitive_attributes": [],
          "private": "eyJlMmJmYjczMC1lY2FhLTExZTYtOGY4OC0zNDM2M2JjN2M0YzAiOnsiY3JlYXRlIjoxODAwMDAwMDAwMDAwLCJkZWxldGUiOjE4MDAwMDAwMDAwMDAsInJlYWQiOjMwMDAwMDAwMDAwMCwidXBkYXRlIjoxODAwMDAwMDAwMDAwfX0=",
          "dependencies": [
            "module.common.azurerm_log_analytics_workspace.log_aw",
            "module.common.azurerm_recovery_services_vault.recovery_services_vault",
            "module.common.azurerm_storage_account.storage_account",
            "module.network.azurerm_network_security_group.network_security_group",
            "module.network.azurerm_subnet.virtual_network_subnet",
            "module.network.azurerm_subnet_network_security_group_association.subnet_nsg_association",
            "module.network.azurerm_virtual_network.virtual_network",
            "module.resource_group.azurerm_resource_group.resource_group"
          ]
        }
      ]
    },
    {
      "module": "module.vmlinux",
      "mode": "managed",
      "type": "azurerm_linux_virtual_machine",
      "name": "linux_vm",
      "provider": "provider[\"registry.terraform.io/hashicorp/azurerm\"]",
      "instances": [
        {
          "index_key": 0,
          "schema_version": 0,
          "attributes": {
            "additional_capabilities": [],
            "admin_password": null,
            "admin_ssh_key": [
              {
                "public_key": "ssh-rsa AAAAB3NzaC1yc2EAAAADAQABAAABAQDdwPb5XTChnGCubNs3cV+OTff/HAPO/akbt+/a1kEhfB2TstwS/QgRg98uUciUNwtYf747diq9Y4RrV767L+Sxyd6afy7FS5TyHiuUYu3DD1y8VQfLNVfDsjWPOZM+QYHQe6SIOkxVZiF868tmt8XL3mtgREydmynzC9oe+ejCsSDBCDLvBLzZaOfNc2Qp0lYoPkmudAnxTaWM+CqQsAniM2kELBMrjE+37wyukrSqxHK1bOThs45Ms05hylFjvTakKN4OooUPKW3zeTlQ8rIAEU3rdnJSCqCZlLATJNUoVQaqj55XNj1QFNpBR9naZAp7jkFHMHmSVfYdUR72n5Fz brandon@DESKTOP-C1PTSOP\r\n",
                "username": "n01291582"
              }
            ],
            "admin_username": "n01291582",
            "allow_extension_operations": true,
            "availability_set_id": "/subscriptions/8d17d5ce-586f-4316-84e4-ddcc5729d711/resourceGroups/n01291582-RG/providers/Microsoft.Compute/availabilitySets/LINUX_AVAILABILITY_SET",
            "boot_diagnostics": [
              {
                "storage_account_uri": "https://n01291582sa.blob.core.windows.net/"
              }
            ],
            "capacity_reservation_group_id": "",
            "computer_name": "vmlinux-n012915821",
            "custom_data": null,
            "dedicated_host_group_id": "",
            "dedicated_host_id": "",
            "disable_password_authentication": true,
            "edge_zone": "",
            "encryption_at_host_enabled": false,
            "eviction_policy": "",
            "extensions_time_budget": "PT1H30M",
            "gallery_application": [],
            "id": "/subscriptions/8d17d5ce-586f-4316-84e4-ddcc5729d711/resourceGroups/n01291582-RG/providers/Microsoft.Compute/virtualMachines/vmlinux-n012915821",
            "identity": [],
            "license_type": "",
            "location": "canadacentral",
            "max_bid_price": -1,
            "name": "vmlinux-n012915821",
            "network_interface_ids": [
              "/subscriptions/8d17d5ce-586f-4316-84e4-ddcc5729d711/resourceGroups/n01291582-RG/providers/Microsoft.Network/networkInterfaces/vmlinux-n01291582-nic2"
            ],
            "os_disk": [
              {
                "caching": "ReadWrite",
                "diff_disk_settings": [],
                "disk_encryption_set_id": "",
                "disk_size_gb": 32,
                "name": "vmlinux-n01291582-os-disk1",
                "secure_vm_disk_encryption_set_id": "",
                "security_encryption_type": "",
                "storage_account_type": "Premium_LRS",
                "write_accelerator_enabled": false
              }
            ],
            "patch_assessment_mode": "ImageDefault",
            "patch_mode": "ImageDefault",
            "plan": [],
            "platform_fault_domain": -1,
            "priority": "Regular",
            "private_ip_address": "10.0.0.4",
            "private_ip_addresses": [
              "10.0.0.4"
            ],
            "provision_vm_agent": true,
            "proximity_placement_group_id": "",
            "public_ip_address": "4.205.62.157",
            "public_ip_addresses": [
              "4.205.62.157"
            ],
            "resource_group_name": "n01291582-RG",
            "secret": [],
            "secure_boot_enabled": false,
            "size": "Standard_B1s",
            "source_image_id": "",
            "source_image_reference": [
              {
                "offer": "CentOS",
                "publisher": "OpenLogic",
                "sku": "8_2",
                "version": "latest"
              }
            ],
            "tags": {
              "Assignment": "CCGC 5502 Automation Assignment",
              "Environment": "Learning",
              "ExpirationDate": "2024-12-31",
              "Name": "brandon.budhram"
            },
            "termination_notification": [],
            "timeouts": null,
            "user_data": "",
            "virtual_machine_id": "cbbfabdc-cd16-4bac-b509-13385dbb11fd",
            "virtual_machine_scale_set_id": "",
            "vtpm_enabled": false,
            "zone": ""
          },
          "sensitive_attributes": [],
          "private": "eyJlMmJmYjczMC1lY2FhLTExZTYtOGY4OC0zNDM2M2JjN2M0YzAiOnsiY3JlYXRlIjoyNzAwMDAwMDAwMDAwLCJkZWxldGUiOjI3MDAwMDAwMDAwMDAsInJlYWQiOjMwMDAwMDAwMDAwMCwidXBkYXRlIjoyNzAwMDAwMDAwMDAwfX0=",
          "dependencies": [
            "module.common.azurerm_log_analytics_workspace.log_aw",
            "module.common.azurerm_recovery_services_vault.recovery_services_vault",
            "module.common.azurerm_storage_account.storage_account",
            "module.network.azurerm_network_security_group.network_security_group",
            "module.network.azurerm_subnet.virtual_network_subnet",
            "module.network.azurerm_subnet_network_security_group_association.subnet_nsg_association",
            "module.network.azurerm_virtual_network.virtual_network",
            "module.resource_group.azurerm_resource_group.resource_group",
            "module.vmlinux.azurerm_availability_set.linux_availability_set",
            "module.vmlinux.azurerm_network_interface.vmlinux_network_interface",
            "module.vmlinux.azurerm_public_ip.vmlinux_public_ip"
          ]
        },
        {
          "index_key": 1,
          "schema_version": 0,
          "attributes": {
            "additional_capabilities": [],
            "admin_password": null,
            "admin_ssh_key": [
              {
                "public_key": "ssh-rsa AAAAB3NzaC1yc2EAAAADAQABAAABAQDdwPb5XTChnGCubNs3cV+OTff/HAPO/akbt+/a1kEhfB2TstwS/QgRg98uUciUNwtYf747diq9Y4RrV767L+Sxyd6afy7FS5TyHiuUYu3DD1y8VQfLNVfDsjWPOZM+QYHQe6SIOkxVZiF868tmt8XL3mtgREydmynzC9oe+ejCsSDBCDLvBLzZaOfNc2Qp0lYoPkmudAnxTaWM+CqQsAniM2kELBMrjE+37wyukrSqxHK1bOThs45Ms05hylFjvTakKN4OooUPKW3zeTlQ8rIAEU3rdnJSCqCZlLATJNUoVQaqj55XNj1QFNpBR9naZAp7jkFHMHmSVfYdUR72n5Fz brandon@DESKTOP-C1PTSOP\r\n",
                "username": "n01291582"
              }
            ],
            "admin_username": "n01291582",
            "allow_extension_operations": true,
            "availability_set_id": "/subscriptions/8d17d5ce-586f-4316-84e4-ddcc5729d711/resourceGroups/n01291582-RG/providers/Microsoft.Compute/availabilitySets/LINUX_AVAILABILITY_SET",
            "boot_diagnostics": [
              {
                "storage_account_uri": "https://n01291582sa.blob.core.windows.net/"
              }
            ],
            "capacity_reservation_group_id": "",
            "computer_name": "vmlinux-n012915822",
            "custom_data": null,
            "dedicated_host_group_id": "",
            "dedicated_host_id": "",
            "disable_password_authentication": true,
            "edge_zone": "",
            "encryption_at_host_enabled": false,
            "eviction_policy": "",
            "extensions_time_budget": "PT1H30M",
            "gallery_application": [],
            "id": "/subscriptions/8d17d5ce-586f-4316-84e4-ddcc5729d711/resourceGroups/n01291582-RG/providers/Microsoft.Compute/virtualMachines/vmlinux-n012915822",
            "identity": [],
            "license_type": "",
            "location": "canadacentral",
            "max_bid_price": -1,
            "name": "vmlinux-n012915822",
            "network_interface_ids": [
              "/subscriptions/8d17d5ce-586f-4316-84e4-ddcc5729d711/resourceGroups/n01291582-RG/providers/Microsoft.Network/networkInterfaces/vmlinux-n01291582-nic3"
            ],
            "os_disk": [
              {
                "caching": "ReadWrite",
                "diff_disk_settings": [],
                "disk_encryption_set_id": "",
                "disk_size_gb": 32,
                "name": "vmlinux-n01291582-os-disk2",
                "secure_vm_disk_encryption_set_id": "",
                "security_encryption_type": "",
                "storage_account_type": "Premium_LRS",
                "write_accelerator_enabled": false
              }
            ],
            "patch_assessment_mode": "ImageDefault",
            "patch_mode": "ImageDefault",
            "plan": [],
            "platform_fault_domain": -1,
            "priority": "Regular",
            "private_ip_address": "10.0.0.6",
            "private_ip_addresses": [
              "10.0.0.6"
            ],
            "provision_vm_agent": true,
            "proximity_placement_group_id": "",
            "public_ip_address": "4.205.62.224",
            "public_ip_addresses": [
              "4.205.62.224"
            ],
            "resource_group_name": "n01291582-RG",
            "secret": [],
            "secure_boot_enabled": false,
            "size": "Standard_B1s",
            "source_image_id": "",
            "source_image_reference": [
              {
                "offer": "CentOS",
                "publisher": "OpenLogic",
                "sku": "8_2",
                "version": "latest"
              }
            ],
            "tags": {
              "Assignment": "CCGC 5502 Automation Assignment",
              "Environment": "Learning",
              "ExpirationDate": "2024-12-31",
              "Name": "brandon.budhram"
            },
            "termination_notification": [],
            "timeouts": null,
            "user_data": "",
            "virtual_machine_id": "c977f530-a15e-440e-9185-864e79b1cfd0",
            "virtual_machine_scale_set_id": "",
            "vtpm_enabled": false,
            "zone": ""
          },
          "sensitive_attributes": [],
          "private": "eyJlMmJmYjczMC1lY2FhLTExZTYtOGY4OC0zNDM2M2JjN2M0YzAiOnsiY3JlYXRlIjoyNzAwMDAwMDAwMDAwLCJkZWxldGUiOjI3MDAwMDAwMDAwMDAsInJlYWQiOjMwMDAwMDAwMDAwMCwidXBkYXRlIjoyNzAwMDAwMDAwMDAwfX0=",
          "dependencies": [
            "module.common.azurerm_log_analytics_workspace.log_aw",
            "module.common.azurerm_recovery_services_vault.recovery_services_vault",
            "module.common.azurerm_storage_account.storage_account",
            "module.network.azurerm_network_security_group.network_security_group",
            "module.network.azurerm_subnet.virtual_network_subnet",
            "module.network.azurerm_subnet_network_security_group_association.subnet_nsg_association",
            "module.network.azurerm_virtual_network.virtual_network",
            "module.resource_group.azurerm_resource_group.resource_group",
            "module.vmlinux.azurerm_availability_set.linux_availability_set",
            "module.vmlinux.azurerm_network_interface.vmlinux_network_interface",
            "module.vmlinux.azurerm_public_ip.vmlinux_public_ip"
          ]
        },
        {
          "index_key": 2,
          "schema_version": 0,
          "attributes": {
            "additional_capabilities": [],
            "admin_password": null,
            "admin_ssh_key": [
              {
                "public_key": "ssh-rsa AAAAB3NzaC1yc2EAAAADAQABAAABAQDdwPb5XTChnGCubNs3cV+OTff/HAPO/akbt+/a1kEhfB2TstwS/QgRg98uUciUNwtYf747diq9Y4RrV767L+Sxyd6afy7FS5TyHiuUYu3DD1y8VQfLNVfDsjWPOZM+QYHQe6SIOkxVZiF868tmt8XL3mtgREydmynzC9oe+ejCsSDBCDLvBLzZaOfNc2Qp0lYoPkmudAnxTaWM+CqQsAniM2kELBMrjE+37wyukrSqxHK1bOThs45Ms05hylFjvTakKN4OooUPKW3zeTlQ8rIAEU3rdnJSCqCZlLATJNUoVQaqj55XNj1QFNpBR9naZAp7jkFHMHmSVfYdUR72n5Fz brandon@DESKTOP-C1PTSOP\r\n",
                "username": "n01291582"
              }
            ],
            "admin_username": "n01291582",
            "allow_extension_operations": true,
            "availability_set_id": "/subscriptions/8d17d5ce-586f-4316-84e4-ddcc5729d711/resourceGroups/n01291582-RG/providers/Microsoft.Compute/availabilitySets/LINUX_AVAILABILITY_SET",
            "boot_diagnostics": [
              {
                "storage_account_uri": "https://n01291582sa.blob.core.windows.net/"
              }
            ],
            "capacity_reservation_group_id": "",
            "computer_name": "vmlinux-n012915823",
            "custom_data": null,
            "dedicated_host_group_id": "",
            "dedicated_host_id": "",
            "disable_password_authentication": true,
            "edge_zone": "",
            "encryption_at_host_enabled": false,
            "eviction_policy": "",
            "extensions_time_budget": "PT1H30M",
            "gallery_application": [],
            "id": "/subscriptions/8d17d5ce-586f-4316-84e4-ddcc5729d711/resourceGroups/n01291582-RG/providers/Microsoft.Compute/virtualMachines/vmlinux-n012915823",
            "identity": [],
            "license_type": "",
            "location": "canadacentral",
            "max_bid_price": -1,
            "name": "vmlinux-n012915823",
            "network_interface_ids": [
              "/subscriptions/8d17d5ce-586f-4316-84e4-ddcc5729d711/resourceGroups/n01291582-RG/providers/Microsoft.Network/networkInterfaces/vmlinux-n01291582-nic1"
            ],
            "os_disk": [
              {
                "caching": "ReadWrite",
                "diff_disk_settings": [],
                "disk_encryption_set_id": "",
                "disk_size_gb": 32,
                "name": "vmlinux-n01291582-os-disk3",
                "secure_vm_disk_encryption_set_id": "",
                "security_encryption_type": "",
                "storage_account_type": "Premium_LRS",
                "write_accelerator_enabled": false
              }
            ],
            "patch_assessment_mode": "ImageDefault",
            "patch_mode": "ImageDefault",
            "plan": [],
            "platform_fault_domain": -1,
            "priority": "Regular",
            "private_ip_address": "10.0.0.5",
            "private_ip_addresses": [
              "10.0.0.5"
            ],
            "provision_vm_agent": true,
            "proximity_placement_group_id": "",
            "public_ip_address": "4.205.61.247",
            "public_ip_addresses": [
              "4.205.61.247"
            ],
            "resource_group_name": "n01291582-RG",
            "secret": [],
            "secure_boot_enabled": false,
            "size": "Standard_B1s",
            "source_image_id": "",
            "source_image_reference": [
              {
                "offer": "CentOS",
                "publisher": "OpenLogic",
                "sku": "8_2",
                "version": "latest"
              }
            ],
            "tags": {
              "Assignment": "CCGC 5502 Automation Assignment",
              "Environment": "Learning",
              "ExpirationDate": "2024-12-31",
              "Name": "brandon.budhram"
            },
            "termination_notification": [],
            "timeouts": null,
            "user_data": "",
            "virtual_machine_id": "554efbf2-17f7-4731-8efb-3e7cb041c702",
            "virtual_machine_scale_set_id": "",
            "vtpm_enabled": false,
            "zone": ""
          },
          "sensitive_attributes": [],
          "private": "eyJlMmJmYjczMC1lY2FhLTExZTYtOGY4OC0zNDM2M2JjN2M0YzAiOnsiY3JlYXRlIjoyNzAwMDAwMDAwMDAwLCJkZWxldGUiOjI3MDAwMDAwMDAwMDAsInJlYWQiOjMwMDAwMDAwMDAwMCwidXBkYXRlIjoyNzAwMDAwMDAwMDAwfX0=",
          "dependencies": [
            "module.common.azurerm_log_analytics_workspace.log_aw",
            "module.common.azurerm_recovery_services_vault.recovery_services_vault",
            "module.common.azurerm_storage_account.storage_account",
            "module.network.azurerm_network_security_group.network_security_group",
            "module.network.azurerm_subnet.virtual_network_subnet",
            "module.network.azurerm_subnet_network_security_group_association.subnet_nsg_association",
            "module.network.azurerm_virtual_network.virtual_network",
            "module.resource_group.azurerm_resource_group.resource_group",
            "module.vmlinux.azurerm_availability_set.linux_availability_set",
            "module.vmlinux.azurerm_network_interface.vmlinux_network_interface",
            "module.vmlinux.azurerm_public_ip.vmlinux_public_ip"
          ]
        }
      ]
    },
    {
      "module": "module.vmlinux",
      "mode": "managed",
      "type": "azurerm_network_interface",
      "name": "vmlinux_network_interface",
      "provider": "provider[\"registry.terraform.io/hashicorp/azurerm\"]",
      "instances": [
        {
          "index_key": 0,
          "schema_version": 0,
          "attributes": {
            "applied_dns_servers": [],
            "dns_servers": [],
            "edge_zone": "",
            "enable_accelerated_networking": false,
            "enable_ip_forwarding": false,
            "id": "/subscriptions/8d17d5ce-586f-4316-84e4-ddcc5729d711/resourceGroups/n01291582-RG/providers/Microsoft.Network/networkInterfaces/vmlinux-n01291582-nic1",
            "internal_dns_name_label": "",
            "internal_domain_name_suffix": "m514zx3kooeupfpmwbnxjymawh.ux.internal.cloudapp.net",
            "ip_configuration": [
              {
                "gateway_load_balancer_frontend_ip_configuration_id": "",
                "name": "vmlinux-n012915821-ipconfig11",
                "primary": true,
                "private_ip_address": "10.0.0.5",
                "private_ip_address_allocation": "Dynamic",
                "private_ip_address_version": "IPv4",
                "public_ip_address_id": "/subscriptions/8d17d5ce-586f-4316-84e4-ddcc5729d711/resourceGroups/n01291582-RG/providers/Microsoft.Network/publicIPAddresses/vmlinux-n01291582-pip2",
                "subnet_id": "/subscriptions/8d17d5ce-586f-4316-84e4-ddcc5729d711/resourceGroups/n01291582-RG/providers/Microsoft.Network/virtualNetworks/n01291582-vnet/subnets/n01291582-subnet"
              }
            ],
            "location": "canadacentral",
            "mac_address": "00-22-48-AD-8B-B3",
            "name": "vmlinux-n01291582-nic1",
            "private_ip_address": "10.0.0.5",
            "private_ip_addresses": [
              "10.0.0.5"
            ],
            "resource_group_name": "n01291582-RG",
            "tags": {
              "Assignment": "CCGC 5502 Automation Assignment",
              "Environment": "Learning",
              "ExpirationDate": "2024-12-31",
              "Name": "brandon.budhram"
            },
            "timeouts": null,
            "virtual_machine_id": "/subscriptions/8d17d5ce-586f-4316-84e4-ddcc5729d711/resourceGroups/n01291582-RG/providers/Microsoft.Compute/virtualMachines/vmlinux-n012915823"
          },
          "sensitive_attributes": [],
          "private": "eyJlMmJmYjczMC1lY2FhLTExZTYtOGY4OC0zNDM2M2JjN2M0YzAiOnsiY3JlYXRlIjoxODAwMDAwMDAwMDAwLCJkZWxldGUiOjE4MDAwMDAwMDAwMDAsInJlYWQiOjMwMDAwMDAwMDAwMCwidXBkYXRlIjoxODAwMDAwMDAwMDAwfX0=",
          "dependencies": [
            "module.common.azurerm_log_analytics_workspace.log_aw",
            "module.common.azurerm_recovery_services_vault.recovery_services_vault",
            "module.common.azurerm_storage_account.storage_account",
            "module.network.azurerm_network_security_group.network_security_group",
            "module.network.azurerm_subnet.virtual_network_subnet",
            "module.network.azurerm_subnet_network_security_group_association.subnet_nsg_association",
            "module.network.azurerm_virtual_network.virtual_network",
            "module.resource_group.azurerm_resource_group.resource_group",
            "module.vmlinux.azurerm_public_ip.vmlinux_public_ip"
          ]
        },
        {
          "index_key": 1,
          "schema_version": 0,
          "attributes": {
            "applied_dns_servers": [],
            "dns_servers": [],
            "edge_zone": "",
            "enable_accelerated_networking": false,
            "enable_ip_forwarding": false,
            "id": "/subscriptions/8d17d5ce-586f-4316-84e4-ddcc5729d711/resourceGroups/n01291582-RG/providers/Microsoft.Network/networkInterfaces/vmlinux-n01291582-nic2",
            "internal_dns_name_label": "",
            "internal_domain_name_suffix": "m514zx3kooeupfpmwbnxjymawh.ux.internal.cloudapp.net",
            "ip_configuration": [
              {
                "gateway_load_balancer_frontend_ip_configuration_id": "",
                "name": "vmlinux-n012915821-ipconfig12",
                "primary": true,
                "private_ip_address": "10.0.0.4",
                "private_ip_address_allocation": "Dynamic",
                "private_ip_address_version": "IPv4",
                "public_ip_address_id": "/subscriptions/8d17d5ce-586f-4316-84e4-ddcc5729d711/resourceGroups/n01291582-RG/providers/Microsoft.Network/publicIPAddresses/vmlinux-n01291582-pip3",
                "subnet_id": "/subscriptions/8d17d5ce-586f-4316-84e4-ddcc5729d711/resourceGroups/n01291582-RG/providers/Microsoft.Network/virtualNetworks/n01291582-vnet/subnets/n01291582-subnet"
              }
            ],
            "location": "canadacentral",
            "mac_address": "00-22-48-AD-86-D7",
            "name": "vmlinux-n01291582-nic2",
            "private_ip_address": "10.0.0.4",
            "private_ip_addresses": [
              "10.0.0.4"
            ],
            "resource_group_name": "n01291582-RG",
            "tags": {
              "Assignment": "CCGC 5502 Automation Assignment",
              "Environment": "Learning",
              "ExpirationDate": "2024-12-31",
              "Name": "brandon.budhram"
            },
            "timeouts": null,
            "virtual_machine_id": "/subscriptions/8d17d5ce-586f-4316-84e4-ddcc5729d711/resourceGroups/n01291582-RG/providers/Microsoft.Compute/virtualMachines/vmlinux-n012915821"
          },
          "sensitive_attributes": [],
          "private": "eyJlMmJmYjczMC1lY2FhLTExZTYtOGY4OC0zNDM2M2JjN2M0YzAiOnsiY3JlYXRlIjoxODAwMDAwMDAwMDAwLCJkZWxldGUiOjE4MDAwMDAwMDAwMDAsInJlYWQiOjMwMDAwMDAwMDAwMCwidXBkYXRlIjoxODAwMDAwMDAwMDAwfX0=",
          "dependencies": [
            "module.common.azurerm_log_analytics_workspace.log_aw",
            "module.common.azurerm_recovery_services_vault.recovery_services_vault",
            "module.common.azurerm_storage_account.storage_account",
            "module.network.azurerm_network_security_group.network_security_group",
            "module.network.azurerm_subnet.virtual_network_subnet",
            "module.network.azurerm_subnet_network_security_group_association.subnet_nsg_association",
            "module.network.azurerm_virtual_network.virtual_network",
            "module.resource_group.azurerm_resource_group.resource_group",
            "module.vmlinux.azurerm_public_ip.vmlinux_public_ip"
          ]
        },
        {
          "index_key": 2,
          "schema_version": 0,
          "attributes": {
            "applied_dns_servers": [],
            "dns_servers": [],
            "edge_zone": "",
            "enable_accelerated_networking": false,
            "enable_ip_forwarding": false,
            "id": "/subscriptions/8d17d5ce-586f-4316-84e4-ddcc5729d711/resourceGroups/n01291582-RG/providers/Microsoft.Network/networkInterfaces/vmlinux-n01291582-nic3",
            "internal_dns_name_label": "",
            "internal_domain_name_suffix": "m514zx3kooeupfpmwbnxjymawh.ux.internal.cloudapp.net",
            "ip_configuration": [
              {
                "gateway_load_balancer_frontend_ip_configuration_id": "",
                "name": "vmlinux-n012915821-ipconfig13",
                "primary": true,
                "private_ip_address": "10.0.0.6",
                "private_ip_address_allocation": "Dynamic",
                "private_ip_address_version": "IPv4",
                "public_ip_address_id": "/subscriptions/8d17d5ce-586f-4316-84e4-ddcc5729d711/resourceGroups/n01291582-RG/providers/Microsoft.Network/publicIPAddresses/vmlinux-n01291582-pip1",
                "subnet_id": "/subscriptions/8d17d5ce-586f-4316-84e4-ddcc5729d711/resourceGroups/n01291582-RG/providers/Microsoft.Network/virtualNetworks/n01291582-vnet/subnets/n01291582-subnet"
              }
            ],
            "location": "canadacentral",
            "mac_address": "00-22-48-AD-8D-3A",
            "name": "vmlinux-n01291582-nic3",
            "private_ip_address": "10.0.0.6",
            "private_ip_addresses": [
              "10.0.0.6"
            ],
            "resource_group_name": "n01291582-RG",
            "tags": {
              "Assignment": "CCGC 5502 Automation Assignment",
              "Environment": "Learning",
              "ExpirationDate": "2024-12-31",
              "Name": "brandon.budhram"
            },
            "timeouts": null,
            "virtual_machine_id": "/subscriptions/8d17d5ce-586f-4316-84e4-ddcc5729d711/resourceGroups/n01291582-RG/providers/Microsoft.Compute/virtualMachines/vmlinux-n012915822"
          },
          "sensitive_attributes": [],
          "private": "eyJlMmJmYjczMC1lY2FhLTExZTYtOGY4OC0zNDM2M2JjN2M0YzAiOnsiY3JlYXRlIjoxODAwMDAwMDAwMDAwLCJkZWxldGUiOjE4MDAwMDAwMDAwMDAsInJlYWQiOjMwMDAwMDAwMDAwMCwidXBkYXRlIjoxODAwMDAwMDAwMDAwfX0=",
          "dependencies": [
            "module.common.azurerm_log_analytics_workspace.log_aw",
            "module.common.azurerm_recovery_services_vault.recovery_services_vault",
            "module.common.azurerm_storage_account.storage_account",
            "module.network.azurerm_network_security_group.network_security_group",
            "module.network.azurerm_subnet.virtual_network_subnet",
            "module.network.azurerm_subnet_network_security_group_association.subnet_nsg_association",
            "module.network.azurerm_virtual_network.virtual_network",
            "module.resource_group.azurerm_resource_group.resource_group",
            "module.vmlinux.azurerm_public_ip.vmlinux_public_ip"
          ]
        }
      ]
    },
    {
      "module": "module.vmlinux",
      "mode": "managed",
      "type": "azurerm_public_ip",
      "name": "vmlinux_public_ip",
      "provider": "provider[\"registry.terraform.io/hashicorp/azurerm\"]",
      "instances": [
        {
          "index_key": 0,
          "schema_version": 0,
          "attributes": {
            "allocation_method": "Dynamic",
            "ddos_protection_mode": "VirtualNetworkInherited",
            "ddos_protection_plan_id": null,
            "domain_name_label": "domain1-vmlinux-n01291582-1",
            "edge_zone": "",
            "fqdn": "domain1-vmlinux-n01291582-1.canadacentral.cloudapp.azure.com",
            "id": "/subscriptions/8d17d5ce-586f-4316-84e4-ddcc5729d711/resourceGroups/n01291582-RG/providers/Microsoft.Network/publicIPAddresses/vmlinux-n01291582-pip1",
            "idle_timeout_in_minutes": 30,
            "ip_address": "4.205.62.224",
            "ip_tags": {},
            "ip_version": "IPv4",
            "location": "canadacentral",
            "name": "vmlinux-n01291582-pip1",
            "public_ip_prefix_id": null,
            "resource_group_name": "n01291582-RG",
            "reverse_fqdn": "",
            "sku": "Basic",
            "sku_tier": "Regional",
            "tags": {
              "Assignment": "CCGC 5502 Automation Assignment",
              "Environment": "Learning",
              "ExpirationDate": "2024-12-31",
              "Name": "brandon.budhram"
            },
            "timeouts": null,
            "zones": []
          },
          "sensitive_attributes": [],
          "private": "eyJlMmJmYjczMC1lY2FhLTExZTYtOGY4OC0zNDM2M2JjN2M0YzAiOnsiY3JlYXRlIjoxODAwMDAwMDAwMDAwLCJkZWxldGUiOjE4MDAwMDAwMDAwMDAsInJlYWQiOjMwMDAwMDAwMDAwMCwidXBkYXRlIjoxODAwMDAwMDAwMDAwfX0=",
          "dependencies": [
            "module.common.azurerm_log_analytics_workspace.log_aw",
            "module.common.azurerm_recovery_services_vault.recovery_services_vault",
            "module.common.azurerm_storage_account.storage_account",
            "module.network.azurerm_network_security_group.network_security_group",
            "module.network.azurerm_subnet.virtual_network_subnet",
            "module.network.azurerm_subnet_network_security_group_association.subnet_nsg_association",
            "module.network.azurerm_virtual_network.virtual_network",
            "module.resource_group.azurerm_resource_group.resource_group"
          ]
        },
        {
          "index_key": 1,
          "schema_version": 0,
          "attributes": {
            "allocation_method": "Dynamic",
            "ddos_protection_mode": "VirtualNetworkInherited",
            "ddos_protection_plan_id": null,
            "domain_name_label": "domain1-vmlinux-n01291582-2",
            "edge_zone": "",
            "fqdn": "domain1-vmlinux-n01291582-2.canadacentral.cloudapp.azure.com",
            "id": "/subscriptions/8d17d5ce-586f-4316-84e4-ddcc5729d711/resourceGroups/n01291582-RG/providers/Microsoft.Network/publicIPAddresses/vmlinux-n01291582-pip2",
            "idle_timeout_in_minutes": 30,
            "ip_address": "4.205.61.247",
            "ip_tags": {},
            "ip_version": "IPv4",
            "location": "canadacentral",
            "name": "vmlinux-n01291582-pip2",
            "public_ip_prefix_id": null,
            "resource_group_name": "n01291582-RG",
            "reverse_fqdn": "",
            "sku": "Basic",
            "sku_tier": "Regional",
            "tags": {
              "Assignment": "CCGC 5502 Automation Assignment",
              "Environment": "Learning",
              "ExpirationDate": "2024-12-31",
              "Name": "brandon.budhram"
            },
            "timeouts": null,
            "zones": []
          },
          "sensitive_attributes": [],
          "private": "eyJlMmJmYjczMC1lY2FhLTExZTYtOGY4OC0zNDM2M2JjN2M0YzAiOnsiY3JlYXRlIjoxODAwMDAwMDAwMDAwLCJkZWxldGUiOjE4MDAwMDAwMDAwMDAsInJlYWQiOjMwMDAwMDAwMDAwMCwidXBkYXRlIjoxODAwMDAwMDAwMDAwfX0=",
          "dependencies": [
            "module.common.azurerm_log_analytics_workspace.log_aw",
            "module.common.azurerm_recovery_services_vault.recovery_services_vault",
            "module.common.azurerm_storage_account.storage_account",
            "module.network.azurerm_network_security_group.network_security_group",
            "module.network.azurerm_subnet.virtual_network_subnet",
            "module.network.azurerm_subnet_network_security_group_association.subnet_nsg_association",
            "module.network.azurerm_virtual_network.virtual_network",
            "module.resource_group.azurerm_resource_group.resource_group"
          ]
        },
        {
          "index_key": 2,
          "schema_version": 0,
          "attributes": {
            "allocation_method": "Dynamic",
            "ddos_protection_mode": "VirtualNetworkInherited",
            "ddos_protection_plan_id": null,
            "domain_name_label": "domain1-vmlinux-n01291582-3",
            "edge_zone": "",
            "fqdn": "domain1-vmlinux-n01291582-3.canadacentral.cloudapp.azure.com",
            "id": "/subscriptions/8d17d5ce-586f-4316-84e4-ddcc5729d711/resourceGroups/n01291582-RG/providers/Microsoft.Network/publicIPAddresses/vmlinux-n01291582-pip3",
            "idle_timeout_in_minutes": 30,
            "ip_address": "4.205.62.157",
            "ip_tags": {},
            "ip_version": "IPv4",
            "location": "canadacentral",
            "name": "vmlinux-n01291582-pip3",
            "public_ip_prefix_id": null,
            "resource_group_name": "n01291582-RG",
            "reverse_fqdn": "",
            "sku": "Basic",
            "sku_tier": "Regional",
            "tags": {
              "Assignment": "CCGC 5502 Automation Assignment",
              "Environment": "Learning",
              "ExpirationDate": "2024-12-31",
              "Name": "brandon.budhram"
            },
            "timeouts": null,
            "zones": []
          },
          "sensitive_attributes": [],
          "private": "eyJlMmJmYjczMC1lY2FhLTExZTYtOGY4OC0zNDM2M2JjN2M0YzAiOnsiY3JlYXRlIjoxODAwMDAwMDAwMDAwLCJkZWxldGUiOjE4MDAwMDAwMDAwMDAsInJlYWQiOjMwMDAwMDAwMDAwMCwidXBkYXRlIjoxODAwMDAwMDAwMDAwfX0=",
          "dependencies": [
            "module.common.azurerm_log_analytics_workspace.log_aw",
            "module.common.azurerm_recovery_services_vault.recovery_services_vault",
            "module.common.azurerm_storage_account.storage_account",
            "module.network.azurerm_network_security_group.network_security_group",
            "module.network.azurerm_subnet.virtual_network_subnet",
            "module.network.azurerm_subnet_network_security_group_association.subnet_nsg_association",
            "module.network.azurerm_virtual_network.virtual_network",
            "module.resource_group.azurerm_resource_group.resource_group"
          ]
        }
      ]
    },
    {
      "module": "module.vmlinux",
      "mode": "managed",
      "type": "azurerm_virtual_machine_extension",
      "name": "azure_monitor_extension",
      "provider": "provider[\"registry.terraform.io/hashicorp/azurerm\"]",
      "instances": [
        {
          "index_key": 0,
          "schema_version": 0,
          "attributes": {
            "auto_upgrade_minor_version": true,
            "automatic_upgrade_enabled": false,
            "failure_suppression_enabled": false,
            "id": "/subscriptions/8d17d5ce-586f-4316-84e4-ddcc5729d711/resourceGroups/n01291582-RG/providers/Microsoft.Compute/virtualMachines/vmlinux-n012915821/extensions/azure_monitor_extension-1",
            "name": "azure_monitor_extension-1",
            "protected_settings": null,
            "protected_settings_from_key_vault": [],
            "publisher": "Microsoft.Azure.Monitor",
            "settings": "",
            "tags": {
              "Assignment": "CCGC 5502 Automation Assignment",
              "Environment": "Learning",
              "ExpirationDate": "2024-12-31",
              "Name": "brandon.budhram"
            },
            "timeouts": null,
            "type": "AzureMonitorLinuxAgent",
            "type_handler_version": "1.0",
            "virtual_machine_id": "/subscriptions/8d17d5ce-586f-4316-84e4-ddcc5729d711/resourceGroups/n01291582-RG/providers/Microsoft.Compute/virtualMachines/vmlinux-n012915821"
          },
          "sensitive_attributes": [],
          "private": "eyJlMmJmYjczMC1lY2FhLTExZTYtOGY4OC0zNDM2M2JjN2M0YzAiOnsiY3JlYXRlIjoxODAwMDAwMDAwMDAwLCJkZWxldGUiOjE4MDAwMDAwMDAwMDAsInJlYWQiOjMwMDAwMDAwMDAwMCwidXBkYXRlIjoxODAwMDAwMDAwMDAwfX0=",
          "dependencies": [
            "module.common.azurerm_log_analytics_workspace.log_aw",
            "module.common.azurerm_recovery_services_vault.recovery_services_vault",
            "module.common.azurerm_storage_account.storage_account",
            "module.network.azurerm_network_security_group.network_security_group",
            "module.network.azurerm_subnet.virtual_network_subnet",
            "module.network.azurerm_subnet_network_security_group_association.subnet_nsg_association",
            "module.network.azurerm_virtual_network.virtual_network",
            "module.resource_group.azurerm_resource_group.resource_group",
            "module.vmlinux.azurerm_availability_set.linux_availability_set",
            "module.vmlinux.azurerm_linux_virtual_machine.linux_vm",
            "module.vmlinux.azurerm_network_interface.vmlinux_network_interface",
            "module.vmlinux.azurerm_public_ip.vmlinux_public_ip"
          ]
        },
        {
          "index_key": 1,
          "schema_version": 0,
          "attributes": {
            "auto_upgrade_minor_version": true,
            "automatic_upgrade_enabled": false,
            "failure_suppression_enabled": false,
            "id": "/subscriptions/8d17d5ce-586f-4316-84e4-ddcc5729d711/resourceGroups/n01291582-RG/providers/Microsoft.Compute/virtualMachines/vmlinux-n012915822/extensions/azure_monitor_extension-2",
            "name": "azure_monitor_extension-2",
            "protected_settings": null,
            "protected_settings_from_key_vault": [],
            "publisher": "Microsoft.Azure.Monitor",
            "settings": "",
            "tags": {
              "Assignment": "CCGC 5502 Automation Assignment",
              "Environment": "Learning",
              "ExpirationDate": "2024-12-31",
              "Name": "brandon.budhram"
            },
            "timeouts": null,
            "type": "AzureMonitorLinuxAgent",
            "type_handler_version": "1.0",
            "virtual_machine_id": "/subscriptions/8d17d5ce-586f-4316-84e4-ddcc5729d711/resourceGroups/n01291582-RG/providers/Microsoft.Compute/virtualMachines/vmlinux-n012915822"
          },
          "sensitive_attributes": [],
          "private": "eyJlMmJmYjczMC1lY2FhLTExZTYtOGY4OC0zNDM2M2JjN2M0YzAiOnsiY3JlYXRlIjoxODAwMDAwMDAwMDAwLCJkZWxldGUiOjE4MDAwMDAwMDAwMDAsInJlYWQiOjMwMDAwMDAwMDAwMCwidXBkYXRlIjoxODAwMDAwMDAwMDAwfX0=",
          "dependencies": [
            "module.common.azurerm_log_analytics_workspace.log_aw",
            "module.common.azurerm_recovery_services_vault.recovery_services_vault",
            "module.common.azurerm_storage_account.storage_account",
            "module.network.azurerm_network_security_group.network_security_group",
            "module.network.azurerm_subnet.virtual_network_subnet",
            "module.network.azurerm_subnet_network_security_group_association.subnet_nsg_association",
            "module.network.azurerm_virtual_network.virtual_network",
            "module.resource_group.azurerm_resource_group.resource_group",
            "module.vmlinux.azurerm_availability_set.linux_availability_set",
            "module.vmlinux.azurerm_linux_virtual_machine.linux_vm",
            "module.vmlinux.azurerm_network_interface.vmlinux_network_interface",
            "module.vmlinux.azurerm_public_ip.vmlinux_public_ip"
          ]
        },
        {
          "index_key": 2,
          "schema_version": 0,
          "attributes": {
            "auto_upgrade_minor_version": true,
            "automatic_upgrade_enabled": false,
            "failure_suppression_enabled": false,
            "id": "/subscriptions/8d17d5ce-586f-4316-84e4-ddcc5729d711/resourceGroups/n01291582-RG/providers/Microsoft.Compute/virtualMachines/vmlinux-n012915823/extensions/azure_monitor_extension-3",
            "name": "azure_monitor_extension-3",
            "protected_settings": null,
            "protected_settings_from_key_vault": [],
            "publisher": "Microsoft.Azure.Monitor",
            "settings": "",
            "tags": {
              "Assignment": "CCGC 5502 Automation Assignment",
              "Environment": "Learning",
              "ExpirationDate": "2024-12-31",
              "Name": "brandon.budhram"
            },
            "timeouts": null,
            "type": "AzureMonitorLinuxAgent",
            "type_handler_version": "1.0",
            "virtual_machine_id": "/subscriptions/8d17d5ce-586f-4316-84e4-ddcc5729d711/resourceGroups/n01291582-RG/providers/Microsoft.Compute/virtualMachines/vmlinux-n012915823"
          },
          "sensitive_attributes": [],
          "private": "eyJlMmJmYjczMC1lY2FhLTExZTYtOGY4OC0zNDM2M2JjN2M0YzAiOnsiY3JlYXRlIjoxODAwMDAwMDAwMDAwLCJkZWxldGUiOjE4MDAwMDAwMDAwMDAsInJlYWQiOjMwMDAwMDAwMDAwMCwidXBkYXRlIjoxODAwMDAwMDAwMDAwfX0=",
          "dependencies": [
            "module.common.azurerm_log_analytics_workspace.log_aw",
            "module.common.azurerm_recovery_services_vault.recovery_services_vault",
            "module.common.azurerm_storage_account.storage_account",
            "module.network.azurerm_network_security_group.network_security_group",
            "module.network.azurerm_subnet.virtual_network_subnet",
            "module.network.azurerm_subnet_network_security_group_association.subnet_nsg_association",
            "module.network.azurerm_virtual_network.virtual_network",
            "module.resource_group.azurerm_resource_group.resource_group",
            "module.vmlinux.azurerm_availability_set.linux_availability_set",
            "module.vmlinux.azurerm_linux_virtual_machine.linux_vm",
            "module.vmlinux.azurerm_network_interface.vmlinux_network_interface",
            "module.vmlinux.azurerm_public_ip.vmlinux_public_ip"
          ]
        }
      ]
    },
    {
      "module": "module.vmlinux",
      "mode": "managed",
      "type": "azurerm_virtual_machine_extension",
      "name": "vmlinux_network_watcher",
      "provider": "provider[\"registry.terraform.io/hashicorp/azurerm\"]",
      "instances": [
        {
          "index_key": 0,
          "schema_version": 0,
          "attributes": {
            "auto_upgrade_minor_version": true,
            "automatic_upgrade_enabled": false,
            "failure_suppression_enabled": false,
            "id": "/subscriptions/8d17d5ce-586f-4316-84e4-ddcc5729d711/resourceGroups/n01291582-RG/providers/Microsoft.Compute/virtualMachines/vmlinux-n012915821/extensions/vmlinx_network_watcher-1",
            "name": "vmlinx_network_watcher-1",
            "protected_settings": "        {\r\n            \"storageAccountName\": \"n01291582sa\",\r\n            \"storageAccountKey\": \"zYluhNnkz/qKBwJYPy+k0iCDSKQd93cSA6d/BmCB0fPALNigUBU83eo6Dkl7NorCjjPw5jFUpYR3+AStKNEbBA==\"\r\n        }\r\n",
            "protected_settings_from_key_vault": [],
            "publisher": "Microsoft.Azure.NetworkWatcher",
            "settings": "{\"XMLCfg\":\"\"}",
            "tags": {
              "Assignment": "CCGC 5502 Automation Assignment",
              "Environment": "Learning",
              "ExpirationDate": "2024-12-31",
              "Name": "brandon.budhram"
            },
            "timeouts": null,
            "type": "NetworkWatcherAgentLinux",
            "type_handler_version": "1.4",
            "virtual_machine_id": "/subscriptions/8d17d5ce-586f-4316-84e4-ddcc5729d711/resourceGroups/n01291582-RG/providers/Microsoft.Compute/virtualMachines/vmlinux-n012915821"
          },
          "sensitive_attributes": [
            [
              {
                "type": "get_attr",
                "value": "protected_settings"
              }
            ]
          ],
          "private": "eyJlMmJmYjczMC1lY2FhLTExZTYtOGY4OC0zNDM2M2JjN2M0YzAiOnsiY3JlYXRlIjoxODAwMDAwMDAwMDAwLCJkZWxldGUiOjE4MDAwMDAwMDAwMDAsInJlYWQiOjMwMDAwMDAwMDAwMCwidXBkYXRlIjoxODAwMDAwMDAwMDAwfX0=",
          "dependencies": [
            "module.common.azurerm_log_analytics_workspace.log_aw",
            "module.common.azurerm_recovery_services_vault.recovery_services_vault",
            "module.common.azurerm_storage_account.storage_account",
            "module.network.azurerm_network_security_group.network_security_group",
            "module.network.azurerm_subnet.virtual_network_subnet",
            "module.network.azurerm_subnet_network_security_group_association.subnet_nsg_association",
            "module.network.azurerm_virtual_network.virtual_network",
            "module.resource_group.azurerm_resource_group.resource_group",
            "module.vmlinux.azurerm_availability_set.linux_availability_set",
            "module.vmlinux.azurerm_linux_virtual_machine.linux_vm",
            "module.vmlinux.azurerm_network_interface.vmlinux_network_interface",
            "module.vmlinux.azurerm_public_ip.vmlinux_public_ip"
          ]
        },
        {
          "index_key": 1,
          "schema_version": 0,
          "attributes": {
            "auto_upgrade_minor_version": true,
            "automatic_upgrade_enabled": false,
            "failure_suppression_enabled": false,
            "id": "/subscriptions/8d17d5ce-586f-4316-84e4-ddcc5729d711/resourceGroups/n01291582-RG/providers/Microsoft.Compute/virtualMachines/vmlinux-n012915822/extensions/vmlinx_network_watcher-2",
            "name": "vmlinx_network_watcher-2",
            "protected_settings": "        {\r\n            \"storageAccountName\": \"n01291582sa\",\r\n            \"storageAccountKey\": \"zYluhNnkz/qKBwJYPy+k0iCDSKQd93cSA6d/BmCB0fPALNigUBU83eo6Dkl7NorCjjPw5jFUpYR3+AStKNEbBA==\"\r\n        }\r\n",
            "protected_settings_from_key_vault": [],
            "publisher": "Microsoft.Azure.NetworkWatcher",
            "settings": "{\"XMLCfg\":\"\"}",
            "tags": {
              "Assignment": "CCGC 5502 Automation Assignment",
              "Environment": "Learning",
              "ExpirationDate": "2024-12-31",
              "Name": "brandon.budhram"
            },
            "timeouts": null,
            "type": "NetworkWatcherAgentLinux",
            "type_handler_version": "1.4",
            "virtual_machine_id": "/subscriptions/8d17d5ce-586f-4316-84e4-ddcc5729d711/resourceGroups/n01291582-RG/providers/Microsoft.Compute/virtualMachines/vmlinux-n012915822"
          },
          "sensitive_attributes": [
            [
              {
                "type": "get_attr",
                "value": "protected_settings"
              }
            ]
          ],
          "private": "eyJlMmJmYjczMC1lY2FhLTExZTYtOGY4OC0zNDM2M2JjN2M0YzAiOnsiY3JlYXRlIjoxODAwMDAwMDAwMDAwLCJkZWxldGUiOjE4MDAwMDAwMDAwMDAsInJlYWQiOjMwMDAwMDAwMDAwMCwidXBkYXRlIjoxODAwMDAwMDAwMDAwfX0=",
          "dependencies": [
            "module.common.azurerm_log_analytics_workspace.log_aw",
            "module.common.azurerm_recovery_services_vault.recovery_services_vault",
            "module.common.azurerm_storage_account.storage_account",
            "module.network.azurerm_network_security_group.network_security_group",
            "module.network.azurerm_subnet.virtual_network_subnet",
            "module.network.azurerm_subnet_network_security_group_association.subnet_nsg_association",
            "module.network.azurerm_virtual_network.virtual_network",
            "module.resource_group.azurerm_resource_group.resource_group",
            "module.vmlinux.azurerm_availability_set.linux_availability_set",
            "module.vmlinux.azurerm_linux_virtual_machine.linux_vm",
            "module.vmlinux.azurerm_network_interface.vmlinux_network_interface",
            "module.vmlinux.azurerm_public_ip.vmlinux_public_ip"
          ]
        },
        {
          "index_key": 2,
          "schema_version": 0,
          "attributes": {
            "auto_upgrade_minor_version": true,
            "automatic_upgrade_enabled": false,
            "failure_suppression_enabled": false,
            "id": "/subscriptions/8d17d5ce-586f-4316-84e4-ddcc5729d711/resourceGroups/n01291582-RG/providers/Microsoft.Compute/virtualMachines/vmlinux-n012915823/extensions/vmlinx_network_watcher-3",
            "name": "vmlinx_network_watcher-3",
            "protected_settings": "        {\r\n            \"storageAccountName\": \"n01291582sa\",\r\n            \"storageAccountKey\": \"zYluhNnkz/qKBwJYPy+k0iCDSKQd93cSA6d/BmCB0fPALNigUBU83eo6Dkl7NorCjjPw5jFUpYR3+AStKNEbBA==\"\r\n        }\r\n",
            "protected_settings_from_key_vault": [],
            "publisher": "Microsoft.Azure.NetworkWatcher",
            "settings": "{\"XMLCfg\":\"\"}",
            "tags": {
              "Assignment": "CCGC 5502 Automation Assignment",
              "Environment": "Learning",
              "ExpirationDate": "2024-12-31",
              "Name": "brandon.budhram"
            },
            "timeouts": null,
            "type": "NetworkWatcherAgentLinux",
            "type_handler_version": "1.4",
            "virtual_machine_id": "/subscriptions/8d17d5ce-586f-4316-84e4-ddcc5729d711/resourceGroups/n01291582-RG/providers/Microsoft.Compute/virtualMachines/vmlinux-n012915823"
          },
          "sensitive_attributes": [
            [
              {
                "type": "get_attr",
                "value": "protected_settings"
              }
            ]
          ],
          "private": "eyJlMmJmYjczMC1lY2FhLTExZTYtOGY4OC0zNDM2M2JjN2M0YzAiOnsiY3JlYXRlIjoxODAwMDAwMDAwMDAwLCJkZWxldGUiOjE4MDAwMDAwMDAwMDAsInJlYWQiOjMwMDAwMDAwMDAwMCwidXBkYXRlIjoxODAwMDAwMDAwMDAwfX0=",
          "dependencies": [
            "module.common.azurerm_log_analytics_workspace.log_aw",
            "module.common.azurerm_recovery_services_vault.recovery_services_vault",
            "module.common.azurerm_storage_account.storage_account",
            "module.network.azurerm_network_security_group.network_security_group",
            "module.network.azurerm_subnet.virtual_network_subnet",
            "module.network.azurerm_subnet_network_security_group_association.subnet_nsg_association",
            "module.network.azurerm_virtual_network.virtual_network",
            "module.resource_group.azurerm_resource_group.resource_group",
            "module.vmlinux.azurerm_availability_set.linux_availability_set",
            "module.vmlinux.azurerm_linux_virtual_machine.linux_vm",
            "module.vmlinux.azurerm_network_interface.vmlinux_network_interface",
            "module.vmlinux.azurerm_public_ip.vmlinux_public_ip"
          ]
        }
      ]
    },
    {
      "module": "module.vmlinux",
      "mode": "managed",
      "type": "null_resource",
      "name": "linux_provisioner",
      "provider": "provider[\"registry.terraform.io/hashicorp/null\"]",
      "instances": [
        {
          "index_key": 0,
          "schema_version": 0,
          "attributes": {
            "id": "542044749",
            "triggers": null
          },
          "sensitive_attributes": [],
          "dependencies": [
            "module.common.azurerm_log_analytics_workspace.log_aw",
            "module.common.azurerm_recovery_services_vault.recovery_services_vault",
            "module.common.azurerm_storage_account.storage_account",
            "module.network.azurerm_network_security_group.network_security_group",
            "module.network.azurerm_subnet.virtual_network_subnet",
            "module.network.azurerm_subnet_network_security_group_association.subnet_nsg_association",
            "module.network.azurerm_virtual_network.virtual_network",
            "module.resource_group.azurerm_resource_group.resource_group",
            "module.vmlinux.azurerm_availability_set.linux_availability_set",
            "module.vmlinux.azurerm_linux_virtual_machine.linux_vm",
            "module.vmlinux.azurerm_network_interface.vmlinux_network_interface",
            "module.vmlinux.azurerm_public_ip.vmlinux_public_ip"
          ]
        },
        {
          "index_key": 1,
          "schema_version": 0,
          "attributes": {
            "id": "485378193",
            "triggers": null
          },
          "sensitive_attributes": [],
          "dependencies": [
            "module.common.azurerm_log_analytics_workspace.log_aw",
            "module.common.azurerm_recovery_services_vault.recovery_services_vault",
            "module.common.azurerm_storage_account.storage_account",
            "module.network.azurerm_network_security_group.network_security_group",
            "module.network.azurerm_subnet.virtual_network_subnet",
            "module.network.azurerm_subnet_network_security_group_association.subnet_nsg_association",
            "module.network.azurerm_virtual_network.virtual_network",
            "module.resource_group.azurerm_resource_group.resource_group",
            "module.vmlinux.azurerm_availability_set.linux_availability_set",
            "module.vmlinux.azurerm_linux_virtual_machine.linux_vm",
            "module.vmlinux.azurerm_network_interface.vmlinux_network_interface",
            "module.vmlinux.azurerm_public_ip.vmlinux_public_ip"
          ]
        },
        {
          "index_key": 2,
          "schema_version": 0,
          "attributes": {
            "id": "1951331434",
            "triggers": null
          },
          "sensitive_attributes": [],
          "dependencies": [
            "module.common.azurerm_log_analytics_workspace.log_aw",
            "module.common.azurerm_recovery_services_vault.recovery_services_vault",
            "module.common.azurerm_storage_account.storage_account",
            "module.network.azurerm_network_security_group.network_security_group",
            "module.network.azurerm_subnet.virtual_network_subnet",
            "module.network.azurerm_subnet_network_security_group_association.subnet_nsg_association",
            "module.network.azurerm_virtual_network.virtual_network",
            "module.resource_group.azurerm_resource_group.resource_group",
            "module.vmlinux.azurerm_availability_set.linux_availability_set",
            "module.vmlinux.azurerm_linux_virtual_machine.linux_vm",
            "module.vmlinux.azurerm_network_interface.vmlinux_network_interface",
            "module.vmlinux.azurerm_public_ip.vmlinux_public_ip"
          ]
        }
      ]
    }
  ],
  "check_results": null
}
